
Microsoft Visual Studio Solution File, Format Version 12.00
# Visual Studio Version 17
VisualStudioVersion = 17.10.35122.118
MinimumVisualStudioVersion = 10.0.40219.1
Project("{FAE04EC0-301F-11D3-BF4B-00C04F79EFBC}") = "RepeaterCouncil", "RepeaterCouncil.csproj", "{3C4CC65B-4E4C-4976-AF7B-E89196C1FA39}"
EndProject
Global
	GlobalSection(SolutionConfigurationPlatforms) = preSolution
		Debug|Any CPU = Debug|Any CPU
		Release|Any CPU = Release|Any CPU
	EndGlobalSection
	GlobalSection(ProjectConfigurationPlatforms) = postSolution
		{3C4CC65B-4E4C-4976-AF7B-E89196C1FA39}.Debug|Any CPU.ActiveCfg = Debug|Any CPU
		{3C4CC65B-4E4C-4976-AF7B-E89196C1FA39}.Debug|Any CPU.Build.0 = Debug|Any CPU
		{3C4CC65B-4E4C-4976-AF7B-E89196C1FA39}.Release|Any CPU.ActiveCfg = Release|Any CPU
		{3C4CC65B-4E4C-4976-AF7B-E89196C1FA39}.Release|Any CPU.Build.0 = Release|Any CPU
	EndGlobalSection
	GlobalSection(SolutionProperties) = preSolution
		HideSolutionNode = FALSE
	EndGlobalSection
	GlobalSection(ExtensibilityGlobals) = postSolution
		SolutionGuid = {A6F96E1D-F215-48F3-BD20-963839D91CDD}
	EndGlobalSection
EndGlobal
