
Microsoft Visual Studio Solution File, Format Version 12.00
# Visual Studio Version 17
VisualStudioVersion = 17.10.35122.118
MinimumVisualStudioVersion = 10.0.40219.1
Project("{9A19103F-16F7-4668-BE54-9A1E7A4F7556}") = "RepeaterCouncil", "RepeaterCouncil.csproj", "{0AD3D42F-24FE-47EF-A72B-56D2C509F60F}"
EndProject
Global
	GlobalSection(SolutionConfigurationPlatforms) = preSolution
		Debug|Any CPU = Debug|Any CPU
		Release|Any CPU = Release|Any CPU
	EndGlobalSection
	GlobalSection(ProjectConfigurationPlatforms) = postSolution
		{0AD3D42F-24FE-47EF-A72B-56D2C509F60F}.Debug|Any CPU.ActiveCfg = Debug|Any CPU
		{0AD3D42F-24FE-47EF-A72B-56D2C509F60F}.Debug|Any CPU.Build.0 = Debug|Any CPU
		{0AD3D42F-24FE-47EF-A72B-56D2C509F60F}.Release|Any CPU.ActiveCfg = Release|Any CPU
		{0AD3D42F-24FE-47EF-A72B-56D2C509F60F}.Release|Any CPU.Build.0 = Release|Any CPU
	EndGlobalSection
	GlobalSection(SolutionProperties) = preSolution
		HideSolutionNode = FALSE
	EndGlobalSection
	GlobalSection(ExtensibilityGlobals) = postSolution
		SolutionGuid = {F3FBB381-730D-4A18-92CA-278F2698B903}
	EndGlobalSection
EndGlobal
